
Microsoft Visual Studio Solution File, Format Version 12.00
Project("{FAE04EC0-301F-11D3-BF4B-00C04F79EFBC}") = "StartDotNet", "StartDotNet\StartDotNet.csproj", "{56D2DB28-FBA0-4555-8679-0E5D4FBED566}"
EndProject
Global
	GlobalSection(SolutionConfigurationPlatforms) = preSolution
		Debug|Any CPU = Debug|Any CPU
		Release|Any CPU = Release|Any CPU
	EndGlobalSection
	GlobalSection(ProjectConfigurationPlatforms) = postSolution
		{56D2DB28-FBA0-4555-8679-0E5D4FBED566}.Debug|Any CPU.ActiveCfg = Debug|Any CPU
		{56D2DB28-FBA0-4555-8679-0E5D4FBED566}.Debug|Any CPU.Build.0 = Debug|Any CPU
		{56D2DB28-FBA0-4555-8679-0E5D4FBED566}.Release|Any CPU.ActiveCfg = Release|Any CPU
		{56D2DB28-FBA0-4555-8679-0E5D4FBED566}.Release|Any CPU.Build.0 = Release|Any CPU
	EndGlobalSection
EndGlobal
